
Microsoft Visual Studio Solution File, Format Version 12.00
# Visual Studio Version 17
VisualStudioVersion = 17.7.34202.233
MinimumVisualStudioVersion = 10.0.40219.1
Project("{FAE04EC0-301F-11D3-BF4B-00C04F79EFBC}") = "Ecommerce", "Ecommerce\Ecommerce.csproj", "{2BCC0C5B-6E8A-49E6-A623-1372A32E478B}"
EndProject
Global
	GlobalSection(SolutionConfigurationPlatforms) = preSolution
		Debug|Any CPU = Debug|Any CPU
		Release|Any CPU = Release|Any CPU
	EndGlobalSection
	GlobalSection(ProjectConfigurationPlatforms) = postSolution
		{2BCC0C5B-6E8A-49E6-A623-1372A32E478B}.Debug|Any CPU.ActiveCfg = Debug|Any CPU
		{2BCC0C5B-6E8A-49E6-A623-1372A32E478B}.Debug|Any CPU.Build.0 = Debug|Any CPU
		{2BCC0C5B-6E8A-49E6-A623-1372A32E478B}.Release|Any CPU.ActiveCfg = Release|Any CPU
		{2BCC0C5B-6E8A-49E6-A623-1372A32E478B}.Release|Any CPU.Build.0 = Release|Any CPU
	EndGlobalSection
	GlobalSection(SolutionProperties) = preSolution
		HideSolutionNode = FALSE
	EndGlobalSection
	GlobalSection(ExtensibilityGlobals) = postSolution
		SolutionGuid = {07367B26-99BA-4809-9534-8014A498055A}
	EndGlobalSection
EndGlobal
